
Microsoft Visual Studio Solution File, Format Version 12.00
# Visual Studio 15
VisualStudioVersion = 15.0.26124.0
MinimumVisualStudioVersion = 15.0.26124.0
Project("{2150E333-8FDC-42A3-9474-1A3956D46DE8}") = "src", "src", "{9D5C5836-CDDC-4726-8785-6CD2121803C7}"
EndProject
Project("{FAE04EC0-301F-11D3-BF4B-00C04F79EFBC}") = "Xamarin.ProcessControl", "src\Xamarin.ProcessControl\Xamarin.ProcessControl.csproj", "{5A398944-5482-4885-8332-003733E2BE0D}"
EndProject
Project("{FAE04EC0-301F-11D3-BF4B-00C04F79EFBC}") = "Xamarin.ProcessControl.Tests", "src\Xamarin.ProcessControl.Tests\Xamarin.ProcessControl.Tests.csproj", "{A78285E8-9B9D-44D6-9F5D-1DF24BBCF595}"
EndProject
Project("{FAE04EC0-301F-11D3-BF4B-00C04F79EFBC}") = "Xamarin.Downloader", "src\Xamarin.Downloader\Xamarin.Downloader.csproj", "{3F35F71D-E285-46CF-85C8-5633BEB65206}"
EndProject
Project("{FAE04EC0-301F-11D3-BF4B-00C04F79EFBC}") = "Xamarin.Downloader.Tests", "src\Xamarin.Downloader.Tests\Xamarin.Downloader.Tests.csproj", "{31122CC8-63DA-4BCA-8063-E00619979B03}"
EndProject
Project("{FAE04EC0-301F-11D3-BF4B-00C04F79EFBC}") = "Xamarin.Security.Keychain", "src\Xamarin.Security.Keychain\Xamarin.Security.Keychain.csproj", "{1ACC3D59-3072-4F46-AE6C-2F23FA259BFF}"
EndProject
Project("{FAE04EC0-301F-11D3-BF4B-00C04F79EFBC}") = "Xamarin.Security.Keychain.Tests", "src\Xamarin.Security.Keychain.Tests\Xamarin.Security.Keychain.Tests.csproj", "{5457E53D-0B78-45B3-80FF-69C7368A6BB3}"
EndProject
Project("{FAE04EC0-301F-11D3-BF4B-00C04F79EFBC}") = "Xamarin.XunitHelpers", "src\Xamarin.XunitHelpers\Xamarin.XunitHelpers.csproj", "{2CBB11BF-2D07-47ED-A928-6B447A376FDE}"
EndProject
Project("{FAE04EC0-301F-11D3-BF4B-00C04F79EFBC}") = "Xamarin.NativeHelpers", "src\Xamarin.NativeHelpers\Xamarin.NativeHelpers.csproj", "{3A0123FF-41E5-42F0-8A25-A4A0CFFE586C}"
EndProject
Project("{FAE04EC0-301F-11D3-BF4B-00C04F79EFBC}") = "Xamarin.NativeHelpers.Tests", "src\Xamarin.NativeHelpers.Tests\Xamarin.NativeHelpers.Tests.csproj", "{C7CEB8B5-ECAF-48E6-A69C-B596892133C0}"
EndProject
Global
	GlobalSection(SolutionConfigurationPlatforms) = preSolution
		Debug|Any CPU = Debug|Any CPU
		Debug|x64 = Debug|x64
		Debug|x86 = Debug|x86
		Release|Any CPU = Release|Any CPU
		Release|x64 = Release|x64
		Release|x86 = Release|x86
	EndGlobalSection
	GlobalSection(SolutionProperties) = preSolution
		HideSolutionNode = FALSE
	EndGlobalSection
	GlobalSection(ProjectConfigurationPlatforms) = postSolution
		{5A398944-5482-4885-8332-003733E2BE0D}.Debug|Any CPU.ActiveCfg = Debug|Any CPU
		{5A398944-5482-4885-8332-003733E2BE0D}.Debug|Any CPU.Build.0 = Debug|Any CPU
		{5A398944-5482-4885-8332-003733E2BE0D}.Debug|x64.ActiveCfg = Debug|Any CPU
		{5A398944-5482-4885-8332-003733E2BE0D}.Debug|x64.Build.0 = Debug|Any CPU
		{5A398944-5482-4885-8332-003733E2BE0D}.Debug|x86.ActiveCfg = Debug|Any CPU
		{5A398944-5482-4885-8332-003733E2BE0D}.Debug|x86.Build.0 = Debug|Any CPU
		{5A398944-5482-4885-8332-003733E2BE0D}.Release|Any CPU.ActiveCfg = Release|Any CPU
		{5A398944-5482-4885-8332-003733E2BE0D}.Release|Any CPU.Build.0 = Release|Any CPU
		{5A398944-5482-4885-8332-003733E2BE0D}.Release|x64.ActiveCfg = Release|Any CPU
		{5A398944-5482-4885-8332-003733E2BE0D}.Release|x64.Build.0 = Release|Any CPU
		{5A398944-5482-4885-8332-003733E2BE0D}.Release|x86.ActiveCfg = Release|Any CPU
		{5A398944-5482-4885-8332-003733E2BE0D}.Release|x86.Build.0 = Release|Any CPU
		{A78285E8-9B9D-44D6-9F5D-1DF24BBCF595}.Debug|Any CPU.ActiveCfg = Debug|Any CPU
		{A78285E8-9B9D-44D6-9F5D-1DF24BBCF595}.Debug|Any CPU.Build.0 = Debug|Any CPU
		{A78285E8-9B9D-44D6-9F5D-1DF24BBCF595}.Debug|x64.ActiveCfg = Debug|Any CPU
		{A78285E8-9B9D-44D6-9F5D-1DF24BBCF595}.Debug|x64.Build.0 = Debug|Any CPU
		{A78285E8-9B9D-44D6-9F5D-1DF24BBCF595}.Debug|x86.ActiveCfg = Debug|Any CPU
		{A78285E8-9B9D-44D6-9F5D-1DF24BBCF595}.Debug|x86.Build.0 = Debug|Any CPU
		{A78285E8-9B9D-44D6-9F5D-1DF24BBCF595}.Release|Any CPU.ActiveCfg = Release|Any CPU
		{A78285E8-9B9D-44D6-9F5D-1DF24BBCF595}.Release|Any CPU.Build.0 = Release|Any CPU
		{A78285E8-9B9D-44D6-9F5D-1DF24BBCF595}.Release|x64.ActiveCfg = Release|Any CPU
		{A78285E8-9B9D-44D6-9F5D-1DF24BBCF595}.Release|x64.Build.0 = Release|Any CPU
		{A78285E8-9B9D-44D6-9F5D-1DF24BBCF595}.Release|x86.ActiveCfg = Release|Any CPU
		{A78285E8-9B9D-44D6-9F5D-1DF24BBCF595}.Release|x86.Build.0 = Release|Any CPU
		{3F35F71D-E285-46CF-85C8-5633BEB65206}.Debug|Any CPU.ActiveCfg = Debug|Any CPU
		{3F35F71D-E285-46CF-85C8-5633BEB65206}.Debug|Any CPU.Build.0 = Debug|Any CPU
		{3F35F71D-E285-46CF-85C8-5633BEB65206}.Debug|x64.ActiveCfg = Debug|Any CPU
		{3F35F71D-E285-46CF-85C8-5633BEB65206}.Debug|x64.Build.0 = Debug|Any CPU
		{3F35F71D-E285-46CF-85C8-5633BEB65206}.Debug|x86.ActiveCfg = Debug|Any CPU
		{3F35F71D-E285-46CF-85C8-5633BEB65206}.Debug|x86.Build.0 = Debug|Any CPU
		{3F35F71D-E285-46CF-85C8-5633BEB65206}.Release|Any CPU.ActiveCfg = Release|Any CPU
		{3F35F71D-E285-46CF-85C8-5633BEB65206}.Release|Any CPU.Build.0 = Release|Any CPU
		{3F35F71D-E285-46CF-85C8-5633BEB65206}.Release|x64.ActiveCfg = Release|Any CPU
		{3F35F71D-E285-46CF-85C8-5633BEB65206}.Release|x64.Build.0 = Release|Any CPU
		{3F35F71D-E285-46CF-85C8-5633BEB65206}.Release|x86.ActiveCfg = Release|Any CPU
		{3F35F71D-E285-46CF-85C8-5633BEB65206}.Release|x86.Build.0 = Release|Any CPU
		{31122CC8-63DA-4BCA-8063-E00619979B03}.Debug|Any CPU.ActiveCfg = Debug|Any CPU
		{31122CC8-63DA-4BCA-8063-E00619979B03}.Debug|Any CPU.Build.0 = Debug|Any CPU
		{31122CC8-63DA-4BCA-8063-E00619979B03}.Debug|x64.ActiveCfg = Debug|Any CPU
		{31122CC8-63DA-4BCA-8063-E00619979B03}.Debug|x64.Build.0 = Debug|Any CPU
		{31122CC8-63DA-4BCA-8063-E00619979B03}.Debug|x86.ActiveCfg = Debug|Any CPU
		{31122CC8-63DA-4BCA-8063-E00619979B03}.Debug|x86.Build.0 = Debug|Any CPU
		{31122CC8-63DA-4BCA-8063-E00619979B03}.Release|Any CPU.ActiveCfg = Release|Any CPU
		{31122CC8-63DA-4BCA-8063-E00619979B03}.Release|Any CPU.Build.0 = Release|Any CPU
		{31122CC8-63DA-4BCA-8063-E00619979B03}.Release|x64.ActiveCfg = Release|Any CPU
		{31122CC8-63DA-4BCA-8063-E00619979B03}.Release|x64.Build.0 = Release|Any CPU
		{31122CC8-63DA-4BCA-8063-E00619979B03}.Release|x86.ActiveCfg = Release|Any CPU
		{31122CC8-63DA-4BCA-8063-E00619979B03}.Release|x86.Build.0 = Release|Any CPU
		{1ACC3D59-3072-4F46-AE6C-2F23FA259BFF}.Debug|Any CPU.ActiveCfg = Debug|Any CPU
		{1ACC3D59-3072-4F46-AE6C-2F23FA259BFF}.Debug|Any CPU.Build.0 = Debug|Any CPU
		{1ACC3D59-3072-4F46-AE6C-2F23FA259BFF}.Debug|x64.ActiveCfg = Debug|Any CPU
		{1ACC3D59-3072-4F46-AE6C-2F23FA259BFF}.Debug|x64.Build.0 = Debug|Any CPU
		{1ACC3D59-3072-4F46-AE6C-2F23FA259BFF}.Debug|x86.ActiveCfg = Debug|Any CPU
		{1ACC3D59-3072-4F46-AE6C-2F23FA259BFF}.Debug|x86.Build.0 = Debug|Any CPU
		{1ACC3D59-3072-4F46-AE6C-2F23FA259BFF}.Release|Any CPU.ActiveCfg = Release|Any CPU
		{1ACC3D59-3072-4F46-AE6C-2F23FA259BFF}.Release|Any CPU.Build.0 = Release|Any CPU
		{1ACC3D59-3072-4F46-AE6C-2F23FA259BFF}.Release|x64.ActiveCfg = Release|Any CPU
		{1ACC3D59-3072-4F46-AE6C-2F23FA259BFF}.Release|x64.Build.0 = Release|Any CPU
		{1ACC3D59-3072-4F46-AE6C-2F23FA259BFF}.Release|x86.ActiveCfg = Release|Any CPU
		{1ACC3D59-3072-4F46-AE6C-2F23FA259BFF}.Release|x86.Build.0 = Release|Any CPU
		{5457E53D-0B78-45B3-80FF-69C7368A6BB3}.Debug|Any CPU.ActiveCfg = Debug|Any CPU
		{5457E53D-0B78-45B3-80FF-69C7368A6BB3}.Debug|Any CPU.Build.0 = Debug|Any CPU
		{5457E53D-0B78-45B3-80FF-69C7368A6BB3}.Debug|x64.ActiveCfg = Debug|Any CPU
		{5457E53D-0B78-45B3-80FF-69C7368A6BB3}.Debug|x64.Build.0 = Debug|Any CPU
		{5457E53D-0B78-45B3-80FF-69C7368A6BB3}.Debug|x86.ActiveCfg = Debug|Any CPU
		{5457E53D-0B78-45B3-80FF-69C7368A6BB3}.Debug|x86.Build.0 = Debug|Any CPU
		{5457E53D-0B78-45B3-80FF-69C7368A6BB3}.Release|Any CPU.ActiveCfg = Release|Any CPU
		{5457E53D-0B78-45B3-80FF-69C7368A6BB3}.Release|Any CPU.Build.0 = Release|Any CPU
		{5457E53D-0B78-45B3-80FF-69C7368A6BB3}.Release|x64.ActiveCfg = Release|Any CPU
		{5457E53D-0B78-45B3-80FF-69C7368A6BB3}.Release|x64.Build.0 = Release|Any CPU
		{5457E53D-0B78-45B3-80FF-69C7368A6BB3}.Release|x86.ActiveCfg = Release|Any CPU
		{5457E53D-0B78-45B3-80FF-69C7368A6BB3}.Release|x86.Build.0 = Release|Any CPU
		{2CBB11BF-2D07-47ED-A928-6B447A376FDE}.Debug|Any CPU.ActiveCfg = Debug|Any CPU
		{2CBB11BF-2D07-47ED-A928-6B447A376FDE}.Debug|Any CPU.Build.0 = Debug|Any CPU
		{2CBB11BF-2D07-47ED-A928-6B447A376FDE}.Debug|x64.ActiveCfg = Debug|Any CPU
		{2CBB11BF-2D07-47ED-A928-6B447A376FDE}.Debug|x64.Build.0 = Debug|Any CPU
		{2CBB11BF-2D07-47ED-A928-6B447A376FDE}.Debug|x86.ActiveCfg = Debug|Any CPU
		{2CBB11BF-2D07-47ED-A928-6B447A376FDE}.Debug|x86.Build.0 = Debug|Any CPU
		{2CBB11BF-2D07-47ED-A928-6B447A376FDE}.Release|Any CPU.ActiveCfg = Release|Any CPU
		{2CBB11BF-2D07-47ED-A928-6B447A376FDE}.Release|Any CPU.Build.0 = Release|Any CPU
		{2CBB11BF-2D07-47ED-A928-6B447A376FDE}.Release|x64.ActiveCfg = Release|Any CPU
		{2CBB11BF-2D07-47ED-A928-6B447A376FDE}.Release|x64.Build.0 = Release|Any CPU
		{2CBB11BF-2D07-47ED-A928-6B447A376FDE}.Release|x86.ActiveCfg = Release|Any CPU
		{2CBB11BF-2D07-47ED-A928-6B447A376FDE}.Release|x86.Build.0 = Release|Any CPU
		{3A0123FF-41E5-42F0-8A25-A4A0CFFE586C}.Debug|Any CPU.ActiveCfg = Debug|Any CPU
		{3A0123FF-41E5-42F0-8A25-A4A0CFFE586C}.Debug|Any CPU.Build.0 = Debug|Any CPU
		{3A0123FF-41E5-42F0-8A25-A4A0CFFE586C}.Debug|x64.ActiveCfg = Debug|Any CPU
		{3A0123FF-41E5-42F0-8A25-A4A0CFFE586C}.Debug|x64.Build.0 = Debug|Any CPU
		{3A0123FF-41E5-42F0-8A25-A4A0CFFE586C}.Debug|x86.ActiveCfg = Debug|Any CPU
		{3A0123FF-41E5-42F0-8A25-A4A0CFFE586C}.Debug|x86.Build.0 = Debug|Any CPU
		{3A0123FF-41E5-42F0-8A25-A4A0CFFE586C}.Release|Any CPU.ActiveCfg = Release|Any CPU
		{3A0123FF-41E5-42F0-8A25-A4A0CFFE586C}.Release|Any CPU.Build.0 = Release|Any CPU
		{3A0123FF-41E5-42F0-8A25-A4A0CFFE586C}.Release|x64.ActiveCfg = Release|Any CPU
		{3A0123FF-41E5-42F0-8A25-A4A0CFFE586C}.Release|x64.Build.0 = Release|Any CPU
		{3A0123FF-41E5-42F0-8A25-A4A0CFFE586C}.Release|x86.ActiveCfg = Release|Any CPU
		{3A0123FF-41E5-42F0-8A25-A4A0CFFE586C}.Release|x86.Build.0 = Release|Any CPU
		{C7CEB8B5-ECAF-48E6-A69C-B596892133C0}.Debug|Any CPU.ActiveCfg = Debug|Any CPU
		{C7CEB8B5-ECAF-48E6-A69C-B596892133C0}.Debug|Any CPU.Build.0 = Debug|Any CPU
		{C7CEB8B5-ECAF-48E6-A69C-B596892133C0}.Debug|x64.ActiveCfg = Debug|Any CPU
		{C7CEB8B5-ECAF-48E6-A69C-B596892133C0}.Debug|x64.Build.0 = Debug|Any CPU
		{C7CEB8B5-ECAF-48E6-A69C-B596892133C0}.Debug|x86.ActiveCfg = Debug|Any CPU
		{C7CEB8B5-ECAF-48E6-A69C-B596892133C0}.Debug|x86.Build.0 = Debug|Any CPU
		{C7CEB8B5-ECAF-48E6-A69C-B596892133C0}.Release|Any CPU.ActiveCfg = Release|Any CPU
		{C7CEB8B5-ECAF-48E6-A69C-B596892133C0}.Release|Any CPU.Build.0 = Release|Any CPU
		{C7CEB8B5-ECAF-48E6-A69C-B596892133C0}.Release|x64.ActiveCfg = Release|Any CPU
		{C7CEB8B5-ECAF-48E6-A69C-B596892133C0}.Release|x64.Build.0 = Release|Any CPU
		{C7CEB8B5-ECAF-48E6-A69C-B596892133C0}.Release|x86.ActiveCfg = Release|Any CPU
		{C7CEB8B5-ECAF-48E6-A69C-B596892133C0}.Release|x86.Build.0 = Release|Any CPU
	EndGlobalSection
	GlobalSection(NestedProjects) = preSolution
		{5A398944-5482-4885-8332-003733E2BE0D} = {9D5C5836-CDDC-4726-8785-6CD2121803C7}
		{A78285E8-9B9D-44D6-9F5D-1DF24BBCF595} = {9D5C5836-CDDC-4726-8785-6CD2121803C7}
		{3F35F71D-E285-46CF-85C8-5633BEB65206} = {9D5C5836-CDDC-4726-8785-6CD2121803C7}
		{31122CC8-63DA-4BCA-8063-E00619979B03} = {9D5C5836-CDDC-4726-8785-6CD2121803C7}
		{1ACC3D59-3072-4F46-AE6C-2F23FA259BFF} = {9D5C5836-CDDC-4726-8785-6CD2121803C7}
		{5457E53D-0B78-45B3-80FF-69C7368A6BB3} = {9D5C5836-CDDC-4726-8785-6CD2121803C7}
		{2CBB11BF-2D07-47ED-A928-6B447A376FDE} = {9D5C5836-CDDC-4726-8785-6CD2121803C7}
		{3A0123FF-41E5-42F0-8A25-A4A0CFFE586C} = {9D5C5836-CDDC-4726-8785-6CD2121803C7}
		{C7CEB8B5-ECAF-48E6-A69C-B596892133C0} = {9D5C5836-CDDC-4726-8785-6CD2121803C7}
	EndGlobalSection
EndGlobal
