
Microsoft Visual Studio Solution File, Format Version 12.00
# Visual Studio 15
VisualStudioVersion = 15.0.26124.0
MinimumVisualStudioVersion = 15.0.26124.0
Project("{FAE04EC0-301F-11D3-BF4B-00C04F79EFBC}") = "Xamarin.NativeHelpers", "src\Xamarin.NativeHelpers\Xamarin.NativeHelpers.csproj", "{320453BE-AB44-5EAE-8F78-D50D855B28C0}"
EndProject
Project("{FAE04EC0-301F-11D3-BF4B-00C04F79EFBC}") = "Xamarin.Preferences", "src\Xamarin.Preferences\Xamarin.Preferences.csproj", "{D69ED381-D5E4-5DCB-986D-A4FCC7962065}"
EndProject
Project("{FAE04EC0-301F-11D3-BF4B-00C04F79EFBC}") = "Xamarin.Preferences.Tests", "src\Xamarin.Preferences.Tests\Xamarin.Preferences.Tests.csproj", "{F785C93C-3080-5F71-B27F-A0D3BB4434A4}"
EndProject
Project("{FAE04EC0-301F-11D3-BF4B-00C04F79EFBC}") = "Xamarin.Helpers", "src\Xamarin.Helpers\Xamarin.Helpers.csproj", "{8B6F200D-DB1A-5DF0-AC56-0C7FE3F39374}"
EndProject
Project("{FAE04EC0-301F-11D3-BF4B-00C04F79EFBC}") = "Xamarin.ProcessControl", "src\Xamarin.ProcessControl\Xamarin.ProcessControl.csproj", "{B888AAEC-2A57-573E-902E-84A2152A4E1C}"
EndProject
Project("{FAE04EC0-301F-11D3-BF4B-00C04F79EFBC}") = "Xamarin.XunitHelpers", "src\Xamarin.XunitHelpers\Xamarin.XunitHelpers.csproj", "{C9F9DBB7-78A6-5AF3-AD84-333A590C80DF}"
EndProject
Project("{FAE04EC0-301F-11D3-BF4B-00C04F79EFBC}") = "Xamarin.ProcessControl.Tests", "src\Xamarin.ProcessControl.Tests\Xamarin.ProcessControl.Tests.csproj", "{B503C060-A648-5FCE-B2F4-D151103480FE}"
EndProject
Project("{FAE04EC0-301F-11D3-BF4B-00C04F79EFBC}") = "Xamarin.Downloader", "src\Xamarin.Downloader\Xamarin.Downloader.csproj", "{8A1E2DAD-3DB8-56B2-A764-2452C3409E42}"
EndProject
Project("{FAE04EC0-301F-11D3-BF4B-00C04F79EFBC}") = "Xamarin.Downloader.Tests", "src\Xamarin.Downloader.Tests\Xamarin.Downloader.Tests.csproj", "{B3441E5C-7E05-5B7D-87EE-234863B5638E}"
EndProject
Project("{FAE04EC0-301F-11D3-BF4B-00C04F79EFBC}") = "Xamarin.Security.Keychain", "src\Xamarin.Security.Keychain\Xamarin.Security.Keychain.csproj", "{2FA26CEA-69ED-59F1-85B2-3D57429098F0}"
EndProject
Project("{FAE04EC0-301F-11D3-BF4B-00C04F79EFBC}") = "Xamarin.Security.Keychain.Tests", "src\Xamarin.Security.Keychain.Tests\Xamarin.Security.Keychain.Tests.csproj", "{1CD830A7-6014-5568-BCCB-BBD77B8B45E2}"
EndProject
Project("{FAE04EC0-301F-11D3-BF4B-00C04F79EFBC}") = "Xamarin.Helpers.Tests", "src\Xamarin.Helpers.Tests\Xamarin.Helpers.Tests.csproj", "{DF811055-6347-5B72-B294-F68CBB949697}"
EndProject
Project("{FAE04EC0-301F-11D3-BF4B-00C04F79EFBC}") = "Xamarin.NativeHelpers.Tests", "src\Xamarin.NativeHelpers.Tests\Xamarin.NativeHelpers.Tests.csproj", "{74D3505C-DCE3-5269-B2EB-F26293FC7713}"
EndProject
Project("{FAE04EC0-301F-11D3-BF4B-00C04F79EFBC}") = "Xamarin.MSBuild.Sdk", "src\Xamarin.MSBuild.Sdk\Xamarin.MSBuild.Sdk.csproj", "{1097DBFF-735F-5995-923B-D370A1BC3C75}"
EndProject
Project("{FAE04EC0-301F-11D3-BF4B-00C04F79EFBC}") = "Xamarin.MSBuild.Sdk.Tests", "src\Xamarin.MSBuild.Sdk.Tests\Xamarin.MSBuild.Sdk.Tests.csproj", "{E68E6353-F241-5036-A083-B3468040EE22}"
EndProject
Project("{FAE04EC0-301F-11D3-BF4B-00C04F79EFBC}") = "Xamarin.Mac.Sdk", "src\Xamarin.Mac.Sdk\Xamarin.Mac.Sdk.csproj", "{0A774290-7199-5364-BC2E-82526B386C7A}"
EndProject
Project("{FAE04EC0-301F-11D3-BF4B-00C04F79EFBC}") = "ILRepackPatcher", "tools\ILRepackPatcher\ILRepackPatcher.csproj", "{F95EC498-1C9C-5C97-BE3B-0F6702E57314}"
EndProject
Project("{FAE04EC0-301F-11D3-BF4B-00C04F79EFBC}") = "Xamarin.BuildConsolidator", "src\Xamarin.BuildConsolidator\Xamarin.BuildConsolidator.csproj", "{00109FC2-4F86-583E-93A8-167E47928E84}"
EndProject
Project("{FAE04EC0-301F-11D3-BF4B-00C04F79EFBC}") = "Xamarin.BuildConsolidator.Tests", "src\Xamarin.BuildConsolidator.Tests\Xamarin.BuildConsolidator.Tests.csproj", "{CFC355DB-EB92-56D7-A0EE-4CF585D2A341}"
EndProject
Project("{FAE04EC0-301F-11D3-BF4B-00C04F79EFBC}") = "Xamarin.Cecil.Rocks", "src\Xamarin.Cecil.Rocks\Xamarin.Cecil.Rocks.csproj", "{02CC9070-D5F4-571C-90F9-75B7E8F8D341}"
EndProject
Project("{FAE04EC0-301F-11D3-BF4B-00C04F79EFBC}") = "Xamarin.Cecil.Rocks.Tests", "src\Xamarin.Cecil.Rocks.Tests\Xamarin.Cecil.Rocks.Tests.csproj", "{1D45883F-3DA7-5EA7-AE55-0F2634BE1C1A}"
EndProject
Global
	GlobalSection(SolutionConfigurationPlatforms) = preSolution
		Debug|Any CPU = Debug|Any CPU
		Release|Any CPU = Release|Any CPU
	EndGlobalSection
	GlobalSection(SolutionProperties) = preSolution
		HideSolutionNode = FALSE
	EndGlobalSection
	GlobalSection(ProjectConfigurationPlatforms) = postSolution
		{320453BE-AB44-5EAE-8F78-D50D855B28C0}.Debug|Any CPU.ActiveCfg = Debug|Any CPU
		{320453BE-AB44-5EAE-8F78-D50D855B28C0}.Debug|Any CPU.Build.0 = Debug|Any CPU
		{320453BE-AB44-5EAE-8F78-D50D855B28C0}.Release|Any CPU.ActiveCfg = Debug|Any CPU
		{320453BE-AB44-5EAE-8F78-D50D855B28C0}.Release|Any CPU.Build.0 = Debug|Any CPU
		{D69ED381-D5E4-5DCB-986D-A4FCC7962065}.Debug|Any CPU.ActiveCfg = Debug|Any CPU
		{D69ED381-D5E4-5DCB-986D-A4FCC7962065}.Debug|Any CPU.Build.0 = Debug|Any CPU
		{D69ED381-D5E4-5DCB-986D-A4FCC7962065}.Release|Any CPU.ActiveCfg = Debug|Any CPU
		{D69ED381-D5E4-5DCB-986D-A4FCC7962065}.Release|Any CPU.Build.0 = Debug|Any CPU
		{F785C93C-3080-5F71-B27F-A0D3BB4434A4}.Debug|Any CPU.ActiveCfg = Debug|Any CPU
		{F785C93C-3080-5F71-B27F-A0D3BB4434A4}.Debug|Any CPU.Build.0 = Debug|Any CPU
		{F785C93C-3080-5F71-B27F-A0D3BB4434A4}.Release|Any CPU.ActiveCfg = Debug|Any CPU
		{F785C93C-3080-5F71-B27F-A0D3BB4434A4}.Release|Any CPU.Build.0 = Debug|Any CPU
		{8B6F200D-DB1A-5DF0-AC56-0C7FE3F39374}.Debug|Any CPU.ActiveCfg = Debug|Any CPU
		{8B6F200D-DB1A-5DF0-AC56-0C7FE3F39374}.Debug|Any CPU.Build.0 = Debug|Any CPU
		{8B6F200D-DB1A-5DF0-AC56-0C7FE3F39374}.Release|Any CPU.ActiveCfg = Debug|Any CPU
		{8B6F200D-DB1A-5DF0-AC56-0C7FE3F39374}.Release|Any CPU.Build.0 = Debug|Any CPU
		{B888AAEC-2A57-573E-902E-84A2152A4E1C}.Debug|Any CPU.ActiveCfg = Debug|Any CPU
		{B888AAEC-2A57-573E-902E-84A2152A4E1C}.Debug|Any CPU.Build.0 = Debug|Any CPU
		{B888AAEC-2A57-573E-902E-84A2152A4E1C}.Release|Any CPU.ActiveCfg = Debug|Any CPU
		{B888AAEC-2A57-573E-902E-84A2152A4E1C}.Release|Any CPU.Build.0 = Debug|Any CPU
		{C9F9DBB7-78A6-5AF3-AD84-333A590C80DF}.Debug|Any CPU.ActiveCfg = Debug|Any CPU
		{C9F9DBB7-78A6-5AF3-AD84-333A590C80DF}.Debug|Any CPU.Build.0 = Debug|Any CPU
		{C9F9DBB7-78A6-5AF3-AD84-333A590C80DF}.Release|Any CPU.ActiveCfg = Debug|Any CPU
		{C9F9DBB7-78A6-5AF3-AD84-333A590C80DF}.Release|Any CPU.Build.0 = Debug|Any CPU
		{B503C060-A648-5FCE-B2F4-D151103480FE}.Debug|Any CPU.ActiveCfg = Debug|Any CPU
		{B503C060-A648-5FCE-B2F4-D151103480FE}.Debug|Any CPU.Build.0 = Debug|Any CPU
		{B503C060-A648-5FCE-B2F4-D151103480FE}.Release|Any CPU.ActiveCfg = Debug|Any CPU
		{B503C060-A648-5FCE-B2F4-D151103480FE}.Release|Any CPU.Build.0 = Debug|Any CPU
		{8A1E2DAD-3DB8-56B2-A764-2452C3409E42}.Debug|Any CPU.ActiveCfg = Debug|Any CPU
		{8A1E2DAD-3DB8-56B2-A764-2452C3409E42}.Debug|Any CPU.Build.0 = Debug|Any CPU
		{8A1E2DAD-3DB8-56B2-A764-2452C3409E42}.Release|Any CPU.ActiveCfg = Debug|Any CPU
		{8A1E2DAD-3DB8-56B2-A764-2452C3409E42}.Release|Any CPU.Build.0 = Debug|Any CPU
		{B3441E5C-7E05-5B7D-87EE-234863B5638E}.Debug|Any CPU.ActiveCfg = Debug|Any CPU
		{B3441E5C-7E05-5B7D-87EE-234863B5638E}.Debug|Any CPU.Build.0 = Debug|Any CPU
		{B3441E5C-7E05-5B7D-87EE-234863B5638E}.Release|Any CPU.ActiveCfg = Debug|Any CPU
		{B3441E5C-7E05-5B7D-87EE-234863B5638E}.Release|Any CPU.Build.0 = Debug|Any CPU
		{2FA26CEA-69ED-59F1-85B2-3D57429098F0}.Debug|Any CPU.ActiveCfg = Debug|Any CPU
		{2FA26CEA-69ED-59F1-85B2-3D57429098F0}.Debug|Any CPU.Build.0 = Debug|Any CPU
		{2FA26CEA-69ED-59F1-85B2-3D57429098F0}.Release|Any CPU.ActiveCfg = Debug|Any CPU
		{2FA26CEA-69ED-59F1-85B2-3D57429098F0}.Release|Any CPU.Build.0 = Debug|Any CPU
		{1CD830A7-6014-5568-BCCB-BBD77B8B45E2}.Debug|Any CPU.ActiveCfg = Debug|Any CPU
		{1CD830A7-6014-5568-BCCB-BBD77B8B45E2}.Debug|Any CPU.Build.0 = Debug|Any CPU
		{1CD830A7-6014-5568-BCCB-BBD77B8B45E2}.Release|Any CPU.ActiveCfg = Debug|Any CPU
		{1CD830A7-6014-5568-BCCB-BBD77B8B45E2}.Release|Any CPU.Build.0 = Debug|Any CPU
		{DF811055-6347-5B72-B294-F68CBB949697}.Debug|Any CPU.ActiveCfg = Debug|Any CPU
		{DF811055-6347-5B72-B294-F68CBB949697}.Debug|Any CPU.Build.0 = Debug|Any CPU
		{DF811055-6347-5B72-B294-F68CBB949697}.Release|Any CPU.ActiveCfg = Debug|Any CPU
		{DF811055-6347-5B72-B294-F68CBB949697}.Release|Any CPU.Build.0 = Debug|Any CPU
		{74D3505C-DCE3-5269-B2EB-F26293FC7713}.Debug|Any CPU.ActiveCfg = Debug|Any CPU
		{74D3505C-DCE3-5269-B2EB-F26293FC7713}.Debug|Any CPU.Build.0 = Debug|Any CPU
		{74D3505C-DCE3-5269-B2EB-F26293FC7713}.Release|Any CPU.ActiveCfg = Debug|Any CPU
		{74D3505C-DCE3-5269-B2EB-F26293FC7713}.Release|Any CPU.Build.0 = Debug|Any CPU
		{1097DBFF-735F-5995-923B-D370A1BC3C75}.Debug|Any CPU.ActiveCfg = Debug|Any CPU
		{1097DBFF-735F-5995-923B-D370A1BC3C75}.Debug|Any CPU.Build.0 = Debug|Any CPU
		{1097DBFF-735F-5995-923B-D370A1BC3C75}.Release|Any CPU.ActiveCfg = Debug|Any CPU
		{1097DBFF-735F-5995-923B-D370A1BC3C75}.Release|Any CPU.Build.0 = Debug|Any CPU
		{E68E6353-F241-5036-A083-B3468040EE22}.Debug|Any CPU.ActiveCfg = Debug|Any CPU
		{E68E6353-F241-5036-A083-B3468040EE22}.Debug|Any CPU.Build.0 = Debug|Any CPU
		{E68E6353-F241-5036-A083-B3468040EE22}.Release|Any CPU.ActiveCfg = Debug|Any CPU
		{E68E6353-F241-5036-A083-B3468040EE22}.Release|Any CPU.Build.0 = Debug|Any CPU
		{0A774290-7199-5364-BC2E-82526B386C7A}.Debug|Any CPU.ActiveCfg = Debug|Any CPU
		{0A774290-7199-5364-BC2E-82526B386C7A}.Debug|Any CPU.Build.0 = Debug|Any CPU
		{0A774290-7199-5364-BC2E-82526B386C7A}.Release|Any CPU.ActiveCfg = Debug|Any CPU
		{0A774290-7199-5364-BC2E-82526B386C7A}.Release|Any CPU.Build.0 = Debug|Any CPU
		{F95EC498-1C9C-5C97-BE3B-0F6702E57314}.Debug|Any CPU.ActiveCfg = Debug|Any CPU
		{F95EC498-1C9C-5C97-BE3B-0F6702E57314}.Debug|Any CPU.Build.0 = Debug|Any CPU
		{F95EC498-1C9C-5C97-BE3B-0F6702E57314}.Release|Any CPU.ActiveCfg = Debug|Any CPU
		{F95EC498-1C9C-5C97-BE3B-0F6702E57314}.Release|Any CPU.Build.0 = Debug|Any CPU
		{00109FC2-4F86-583E-93A8-167E47928E84}.Debug|Any CPU.ActiveCfg = Debug|Any CPU
		{00109FC2-4F86-583E-93A8-167E47928E84}.Debug|Any CPU.Build.0 = Debug|Any CPU
		{00109FC2-4F86-583E-93A8-167E47928E84}.Release|Any CPU.ActiveCfg = Debug|Any CPU
		{00109FC2-4F86-583E-93A8-167E47928E84}.Release|Any CPU.Build.0 = Debug|Any CPU
		{CFC355DB-EB92-56D7-A0EE-4CF585D2A341}.Debug|Any CPU.ActiveCfg = Debug|Any CPU
		{CFC355DB-EB92-56D7-A0EE-4CF585D2A341}.Debug|Any CPU.Build.0 = Debug|Any CPU
		{CFC355DB-EB92-56D7-A0EE-4CF585D2A341}.Release|Any CPU.ActiveCfg = Debug|Any CPU
		{CFC355DB-EB92-56D7-A0EE-4CF585D2A341}.Release|Any CPU.Build.0 = Debug|Any CPU
		{02CC9070-D5F4-571C-90F9-75B7E8F8D341}.Debug|Any CPU.ActiveCfg = Debug|Any CPU
		{02CC9070-D5F4-571C-90F9-75B7E8F8D341}.Debug|Any CPU.Build.0 = Debug|Any CPU
		{02CC9070-D5F4-571C-90F9-75B7E8F8D341}.Release|Any CPU.ActiveCfg = Debug|Any CPU
		{02CC9070-D5F4-571C-90F9-75B7E8F8D341}.Release|Any CPU.Build.0 = Debug|Any CPU
		{1D45883F-3DA7-5EA7-AE55-0F2634BE1C1A}.Debug|Any CPU.ActiveCfg = Debug|Any CPU
		{1D45883F-3DA7-5EA7-AE55-0F2634BE1C1A}.Debug|Any CPU.Build.0 = Debug|Any CPU
		{1D45883F-3DA7-5EA7-AE55-0F2634BE1C1A}.Release|Any CPU.ActiveCfg = Debug|Any CPU
		{1D45883F-3DA7-5EA7-AE55-0F2634BE1C1A}.Release|Any CPU.Build.0 = Debug|Any CPU
	EndGlobalSection
EndGlobal
