
Microsoft Visual Studio Solution File, Format Version 12.00
# Visual Studio 15
VisualStudioVersion = 15.0.26124.0
MinimumVisualStudioVersion = 15.0.26124.0
Project("{FAE04EC0-301F-11D3-BF4B-00C04F79EFBC}") = "FallbackToXmlForProjectGuid", "Projects\FallbackToXmlForProjectGuid.csproj", "{0D0D0DEF-8D64-4D12-B37F-7651383AED3F}"
EndProject
Global
	GlobalSection(SolutionConfigurationPlatforms) = preSolution
		Debug|Any CPU = Debug|Any CPU
	EndGlobalSection
	GlobalSection(SolutionProperties) = preSolution
		HideSolutionNode = FALSE
	EndGlobalSection
	GlobalSection(ProjectConfigurationPlatforms) = postSolution
		{0D0D0DEF-8D64-4D12-B37F-7651383AED3F}.Debug|Any CPU.ActiveCfg = Debug|Any CPU
		{0D0D0DEF-8D64-4D12-B37F-7651383AED3F}.Debug|Any CPU.Build.0 = Debug|Any CPU
	EndGlobalSection
EndGlobal
