
Microsoft Visual Studio Solution File, Format Version 12.00
# Visual Studio 15
VisualStudioVersion = 15.0.26124.0
MinimumVisualStudioVersion = 15.0.26124.0
Project("{2150E333-8FDC-42A3-9474-1A3956D46DE8}") = "One", "One", "{4453B956-6158-5C64-A5B7-AAB6A5929CDE}"
EndProject
Project("{FAE04EC0-301F-11D3-BF4B-00C04F79EFBC}") = "A", "Projects\A.csproj", "{A90BB646-CAD1-5645-AC96-516B561970C3}"
EndProject
Project("{2150E333-8FDC-42A3-9474-1A3956D46DE8}") = "A", "A", "{E8623AF7-1698-565E-A799-1119B07BC740}"
EndProject
Project("{2150E333-8FDC-42A3-9474-1A3956D46DE8}") = "B", "B", "{0419C0CE-272A-5A6E-8B62-68706DDC25ED}"
EndProject
Project("{2150E333-8FDC-42A3-9474-1A3956D46DE8}") = "C", "C", "{A5F09338-D59C-5D4B-96C8-4117BED6BB30}"
EndProject
Project("{2150E333-8FDC-42A3-9474-1A3956D46DE8}") = "D", "D", "{39EC191D-8DAF-51CC-B16F-3F38CA495EE4}"
EndProject
Project("{2150E333-8FDC-42A3-9474-1A3956D46DE8}") = "E", "E", "{F06C289A-F785-5A90-A23C-6FED153D807C}"
EndProject
Project("{FAE04EC0-301F-11D3-BF4B-00C04F79EFBC}") = "B", "Projects\B.csproj", "{017EF0F7-397E-50FB-AFAA-FD0EFB79AFCE}"
EndProject
Project("{FAE04EC0-301F-11D3-BF4B-00C04F79EFBC}") = "C", "Projects\C.csproj", "{3EA39793-378F-50C5-BBF8-802DB4D353E6}"
EndProject
Global
	GlobalSection(SolutionConfigurationPlatforms) = preSolution
		Debug|Any CPU = Debug|Any CPU
	EndGlobalSection
	GlobalSection(SolutionProperties) = preSolution
		HideSolutionNode = FALSE
	EndGlobalSection
	GlobalSection(ProjectConfigurationPlatforms) = postSolution
		{A90BB646-CAD1-5645-AC96-516B561970C3}.Debug|Any CPU.ActiveCfg = Debug|Any CPU
		{A90BB646-CAD1-5645-AC96-516B561970C3}.Debug|Any CPU.Build.0 = Debug|Any CPU
		{017EF0F7-397E-50FB-AFAA-FD0EFB79AFCE}.Debug|Any CPU.ActiveCfg = Debug|Any CPU
		{017EF0F7-397E-50FB-AFAA-FD0EFB79AFCE}.Debug|Any CPU.Build.0 = Debug|Any CPU
		{3EA39793-378F-50C5-BBF8-802DB4D353E6}.Debug|Any CPU.ActiveCfg = Debug|Any CPU
		{3EA39793-378F-50C5-BBF8-802DB4D353E6}.Debug|Any CPU.Build.0 = Debug|Any CPU
	EndGlobalSection
	GlobalSection(NestedProjects) = preSolution
		{A90BB646-CAD1-5645-AC96-516B561970C3} = {4453B956-6158-5C64-A5B7-AAB6A5929CDE}
		{0419C0CE-272A-5A6E-8B62-68706DDC25ED} = {E8623AF7-1698-565E-A799-1119B07BC740}
		{A5F09338-D59C-5D4B-96C8-4117BED6BB30} = {0419C0CE-272A-5A6E-8B62-68706DDC25ED}
		{39EC191D-8DAF-51CC-B16F-3F38CA495EE4} = {A5F09338-D59C-5D4B-96C8-4117BED6BB30}
		{F06C289A-F785-5A90-A23C-6FED153D807C} = {39EC191D-8DAF-51CC-B16F-3F38CA495EE4}
		{017EF0F7-397E-50FB-AFAA-FD0EFB79AFCE} = {F06C289A-F785-5A90-A23C-6FED153D807C}
		{3EA39793-378F-50C5-BBF8-802DB4D353E6} = {0419C0CE-272A-5A6E-8B62-68706DDC25ED}
	EndGlobalSection
EndGlobal
