
Microsoft Visual Studio Solution File, Format Version 12.00
# Visual Studio 15
VisualStudioVersion = 15.0.26124.0
MinimumVisualStudioVersion = 15.0.26124.0
Project("{FAE04EC0-301F-11D3-BF4B-00C04F79EFBC}") = "A", "Projects\A.csproj", "{A90BB646-CAD1-5645-AC96-516B561970C3}"
EndProject
Project("{FAE04EC0-301F-11D3-BF4B-00C04F79EFBC}") = "B", "Projects\B.csproj", "{017EF0F7-397E-50FB-AFAA-FD0EFB79AFCE}"
EndProject
Project("{FAE04EC0-301F-11D3-BF4B-00C04F79EFBC}") = "InvalidSdk", "Projects\InvalidSdk.csproj", "{6F212C51-FC68-5C0A-BD57-62F24A5724C0}"
EndProject
Global
	GlobalSection(SolutionConfigurationPlatforms) = preSolution
		Mac|Any CPU = Mac|Any CPU
		Windows|Any CPU = Windows|Any CPU
	EndGlobalSection
	GlobalSection(SolutionProperties) = preSolution
		HideSolutionNode = FALSE
	EndGlobalSection
	GlobalSection(ProjectConfigurationPlatforms) = postSolution
		{A90BB646-CAD1-5645-AC96-516B561970C3}.Mac|Any CPU.ActiveCfg = Debug|Any CPU
		{A90BB646-CAD1-5645-AC96-516B561970C3}.Mac|Any CPU.Build.0 = Debug|Any CPU
		{A90BB646-CAD1-5645-AC96-516B561970C3}.Windows|Any CPU.ActiveCfg = Debug|Any CPU
		{A90BB646-CAD1-5645-AC96-516B561970C3}.Windows|Any CPU.Build.0 = Debug|Any CPU
		{017EF0F7-397E-50FB-AFAA-FD0EFB79AFCE}.Mac|Any CPU.ActiveCfg = Debug|Any CPU
		{017EF0F7-397E-50FB-AFAA-FD0EFB79AFCE}.Mac|Any CPU.Build.0 = Debug|Any CPU
		{017EF0F7-397E-50FB-AFAA-FD0EFB79AFCE}.Windows|Any CPU.ActiveCfg = Debug|Any CPU
		{017EF0F7-397E-50FB-AFAA-FD0EFB79AFCE}.Windows|Any CPU.Build.0 = Debug|Any CPU
		{6F212C51-FC68-5C0A-BD57-62F24A5724C0}.Windows|Any CPU.ActiveCfg = Debug|Any CPU
		{6F212C51-FC68-5C0A-BD57-62F24A5724C0}.Windows|Any CPU.Build.0 = Debug|Any CPU
	EndGlobalSection
EndGlobal
